// !$*UTF8*$!
{
	archiveVersion = 1;
	classes = {
	};
	objectVersion = 48;
	objects = {

/* Begin PBXBuildFile section */
		A469298821367949000C23A4 /* AppDelegate.swift in Sources */ = {isa = PBXBuildFile; fileRef = A469298721367949000C23A4 /* AppDelegate.swift */; };
		A469298A21367949000C23A4 /* ViewController.swift in Sources */ = {isa = PBXBuildFile; fileRef = A469298921367949000C23A4 /* ViewController.swift */; };
		A469298D21367949000C23A4 /* Main.storyboard in Resources */ = {isa = PBXBuildFile; fileRef = A469298B21367949000C23A4 /* Main.storyboard */; };
		A469298F21367949000C23A4 /* Assets.xcassets in Resources */ = {isa = PBXBuildFile; fileRef = A469298E21367949000C23A4 /* Assets.xcassets */; };
		A469299221367949000C23A4 /* LaunchScreen.storyboard in Resources */ = {isa = PBXBuildFile; fileRef = A469299021367949000C23A4 /* LaunchScreen.storyboard */; };
		A469299A2136796E000C23A4 /* Recipe.swift in Sources */ = {isa = PBXBuildFile; fileRef = A46929992136796E000C23A4 /* Recipe.swift */; };
		A469299D21367D62000C23A4 /* RecipeViewModel.swift in Sources */ = {isa = PBXBuildFile; fileRef = A469299C21367D62000C23A4 /* RecipeViewModel.swift */; };
		A46929A321368483000C23A4 /* RecipeItemTableViewCell.swift in Sources */ = {isa = PBXBuildFile; fileRef = A46929A221368483000C23A4 /* RecipeItemTableViewCell.swift */; };
		A46929A821369BB2000C23A4 /* Constants.swift in Sources */ = {isa = PBXBuildFile; fileRef = A46929A721369BB2000C23A4 /* Constants.swift */; };
/* End PBXBuildFile section */

/* Begin PBXFileReference section */
		A469298421367949000C23A4 /* Recipup.app */ = {isa = PBXFileReference; explicitFileType = wrapper.application; includeInIndex = 0; path = Recipup.app; sourceTree = BUILT_PRODUCTS_DIR; };
		A469298721367949000C23A4 /* AppDelegate.swift */ = {isa = PBXFileReference; lastKnownFileType = sourcecode.swift; path = AppDelegate.swift; sourceTree = "<group>"; };
		A469298921367949000C23A4 /* ViewController.swift */ = {isa = PBXFileReference; lastKnownFileType = sourcecode.swift; path = ViewController.swift; sourceTree = "<group>"; };
		A469298C21367949000C23A4 /* Base */ = {isa = PBXFileReference; lastKnownFileType = file.storyboard; name = Base; path = Base.lproj/Main.storyboard; sourceTree = "<group>"; };
		A469298E21367949000C23A4 /* Assets.xcassets */ = {isa = PBXFileReference; lastKnownFileType = folder.assetcatalog; path = Assets.xcassets; sourceTree = "<group>"; };
		A469299121367949000C23A4 /* Base */ = {isa = PBXFileReference; lastKnownFileType = file.storyboard; name = Base; path = Base.lproj/LaunchScreen.storyboard; sourceTree = "<group>"; };
		A469299321367949000C23A4 /* Info.plist */ = {isa = PBXFileReference; lastKnownFileType = text.plist.xml; path = Info.plist; sourceTree = "<group>"; };
		A46929992136796E000C23A4 /* Recipe.swift */ = {isa = PBXFileReference; lastKnownFileType = sourcecode.swift; path = Recipe.swift; sourceTree = "<group>"; };
		A469299C21367D62000C23A4 /* RecipeViewModel.swift */ = {isa = PBXFileReference; lastKnownFileType = sourcecode.swift; path = RecipeViewModel.swift; sourceTree = "<group>"; };
		A46929A221368483000C23A4 /* RecipeItemTableViewCell.swift */ = {isa = PBXFileReference; lastKnownFileType = sourcecode.swift; path = RecipeItemTableViewCell.swift; sourceTree = "<group>"; };
		A46929A721369BB2000C23A4 /* Constants.swift */ = {isa = PBXFileReference; lastKnownFileType = sourcecode.swift; path = Constants.swift; sourceTree = "<group>"; };
		A46929A92136A01C000C23A4 /* RecipePuppyAPIService.swift */ = {isa = PBXFileReference; lastKnownFileType = sourcecode.swift; path = RecipePuppyAPIService.swift; sourceTree = "<group>"; };
/* End PBXFileReference section */

/* Begin PBXFrameworksBuildPhase section */
		A469298121367949000C23A4 /* Frameworks */ = {
			isa = PBXFrameworksBuildPhase;
			buildActionMask = 2147483647;
			files = (
			);
			runOnlyForDeploymentPostprocessing = 0;
		};
/* End PBXFrameworksBuildPhase section */

/* Begin PBXGroup section */
		A469297B21367949000C23A4 = {
			isa = PBXGroup;
			children = (
				A469298621367949000C23A4 /* Recipup */,
				A469298521367949000C23A4 /* Products */,
			);
			sourceTree = "<group>";
		};
		A469298521367949000C23A4 /* Products */ = {
			isa = PBXGroup;
			children = (
				A469298421367949000C23A4 /* Recipup.app */,
			);
			name = Products;
			sourceTree = "<group>";
		};
		A469298621367949000C23A4 /* Recipup */ = {
			isa = PBXGroup;
			children = (
				A469298721367949000C23A4 /* AppDelegate.swift */,
				A469298921367949000C23A4 /* ViewController.swift */,
				A469298B21367949000C23A4 /* Main.storyboard */,
				A469298E21367949000C23A4 /* Assets.xcassets */,
				A469299021367949000C23A4 /* LaunchScreen.storyboard */,
				A469299321367949000C23A4 /* Info.plist */,
				A469299B21367975000C23A4 /* Model */,
				A46929A1213683A7000C23A4 /* Services */,
				A46929A021368386000C23A4 /* ViewModel */,
				A46929A42136865C000C23A4 /* View */,
				A46929A721369BB2000C23A4 /* Constants.swift */,
			);
			path = Recipup;
			sourceTree = "<group>";
		};
		A469299B21367975000C23A4 /* Model */ = {
			isa = PBXGroup;
			children = (
				A46929992136796E000C23A4 /* Recipe.swift */,
			);
			path = Model;
			sourceTree = "<group>";
		};
		A46929A021368386000C23A4 /* ViewModel */ = {
			isa = PBXGroup;
			children = (
				A469299C21367D62000C23A4 /* RecipeViewModel.swift */,
			);
			path = ViewModel;
			sourceTree = "<group>";
		};
		A46929A1213683A7000C23A4 /* Services */ = {
			isa = PBXGroup;
			children = (
				A46929A92136A01C000C23A4 /* RecipePuppyAPIService.swift */,
			);
			path = Services;
			sourceTree = "<group>";
		};
		A46929A42136865C000C23A4 /* View */ = {
			isa = PBXGroup;
			children = (
				A46929A221368483000C23A4 /* RecipeItemTableViewCell.swift */,
			);
			path = View;
			sourceTree = "<group>";
		};
/* End PBXGroup section */

/* Begin PBXNativeTarget section */
		A469298321367949000C23A4 /* Recipup */ = {
			isa = PBXNativeTarget;
			buildConfigurationList = A469299621367949000C23A4 /* Build configuration list for PBXNativeTarget "Recipup" */;
			buildPhases = (
				A469298021367949000C23A4 /* Sources */,
				A469298121367949000C23A4 /* Frameworks */,
				A469298221367949000C23A4 /* Resources */,
			);
			buildRules = (
			);
			dependencies = (
			);
			name = Recipup;
			productName = Recipup;
			productReference = A469298421367949000C23A4 /* Recipup.app */;
			productType = "com.apple.product-type.application";
		};
/* End PBXNativeTarget section */

/* Begin PBXProject section */
		A469297C21367949000C23A4 /* Project object */ = {
			isa = PBXProject;
			attributes = {
				LastSwiftUpdateCheck = 0900;
				LastUpgradeCheck = 0900;
				ORGANIZATIONNAME = "Arvind Ravi";
				TargetAttributes = {
					A469298321367949000C23A4 = {
						CreatedOnToolsVersion = 9.0;
						ProvisioningStyle = Automatic;
					};
				};
			};
			buildConfigurationList = A469297F21367949000C23A4 /* Build configuration list for PBXProject "Recipup" */;
			compatibilityVersion = "Xcode 8.0";
			developmentRegion = en;
			hasScannedForEncodings = 0;
			knownRegions = (
				en,
				Base,
			);
			mainGroup = A469297B21367949000C23A4;
			productRefGroup = A469298521367949000C23A4 /* Products */;
			projectDirPath = "";
			projectRoot = "";
			targets = (
				A469298321367949000C23A4 /* Recipup */,
			);
		};
/* End PBXProject section */

/* Begin PBXResourcesBuildPhase section */
		A469298221367949000C23A4 /* Resources */ = {
			isa = PBXResourcesBuildPhase;
			buildActionMask = 2147483647;
			files = (
				A469299221367949000C23A4 /* LaunchScreen.storyboard in Resources */,
				A469298F21367949000C23A4 /* Assets.xcassets in Resources */,
				A469298D21367949000C23A4 /* Main.storyboard in Resources */,
			);
			runOnlyForDeploymentPostprocessing = 0;
		};
/* End PBXResourcesBuildPhase section */

/* Begin PBXSourcesBuildPhase section */
		A469298021367949000C23A4 /* Sources */ = {
			isa = PBXSourcesBuildPhase;
			buildActionMask = 2147483647;
			files = (
				A46929A321368483000C23A4 /* RecipeItemTableViewCell.swift in Sources */,
				A469299D21367D62000C23A4 /* RecipeViewModel.swift in Sources */,
				A469299A2136796E000C23A4 /* Recipe.swift in Sources */,
				A46929A821369BB2000C23A4 /* Constants.swift in Sources */,
				A469298A21367949000C23A4 /* ViewController.swift in Sources */,
				A469298821367949000C23A4 /* AppDelegate.swift in Sources */,
			);
			runOnlyForDeploymentPostprocessing = 0;
		};
/* End PBXSourcesBuildPhase section */

/* Begin PBXVariantGroup section */
		A469298B21367949000C23A4 /* Main.storyboard */ = {
			isa = PBXVariantGroup;
			children = (
				A469298C21367949000C23A4 /* Base */,
			);
			name = Main.storyboard;
			sourceTree = "<group>";
		};
		A469299021367949000C23A4 /* LaunchScreen.storyboard */ = {
			isa = PBXVariantGroup;
			children = (
				A469299121367949000C23A4 /* Base */,
			);
			name = LaunchScreen.storyboard;
			sourceTree = "<group>";
		};
/* End PBXVariantGroup section */

/* Begin XCBuildConfiguration section */
		A469299421367949000C23A4 /* Debug */ = {
			isa = XCBuildConfiguration;
			buildSettings = {
				ALWAYS_SEARCH_USER_PATHS = NO;
				CLANG_ANALYZER_NONNULL = YES;
				CLANG_ANALYZER_NUMBER_OBJECT_CONVERSION = YES_AGGRESSIVE;
				CLANG_CXX_LANGUAGE_STANDARD = "gnu++14";
				CLANG_CXX_LIBRARY = "libc++";
				CLANG_ENABLE_MODULES = YES;
				CLANG_ENABLE_OBJC_ARC = YES;
				CLANG_WARN_BLOCK_CAPTURE_AUTORELEASING = YES;
				CLANG_WARN_BOOL_CONVERSION = YES;
				CLANG_WARN_COMMA = YES;
				CLANG_WARN_CONSTANT_CONVERSION = YES;
				CLANG_WARN_DIRECT_OBJC_ISA_USAGE = YES_ERROR;
				CLANG_WARN_DOCUMENTATION_COMMENTS = YES;
				CLANG_WARN_EMPTY_BODY = YES;
				CLANG_WARN_ENUM_CONVERSION = YES;
				CLANG_WARN_INFINITE_RECURSION = YES;
				CLANG_WARN_INT_CONVERSION = YES;
				CLANG_WARN_NON_LITERAL_NULL_CONVERSION = YES;
				CLANG_WARN_OBJC_LITERAL_CONVERSION = YES;
				CLANG_WARN_OBJC_ROOT_CLASS = YES_ERROR;
				CLANG_WARN_RANGE_LOOP_ANALYSIS = YES;
				CLANG_WARN_STRICT_PROTOTYPES = YES;
				CLANG_WARN_SUSPICIOUS_MOVE = YES;
				CLANG_WARN_UNGUARDED_AVAILABILITY = YES_AGGRESSIVE;
				CLANG_WARN_UNREACHABLE_CODE = YES;
				CLANG_WARN__DUPLICATE_METHOD_MATCH = YES;
				CODE_SIGN_IDENTITY = "iPhone Developer";
				COPY_PHASE_STRIP = NO;
				DEBUG_INFORMATION_FORMAT = dwarf;
				ENABLE_STRICT_OBJC_MSGSEND = YES;
				ENABLE_TESTABILITY = YES;
				GCC_C_LANGUAGE_STANDARD = gnu11;
				GCC_DYNAMIC_NO_PIC = NO;
				GCC_NO_COMMON_BLOCKS = YES;
				GCC_OPTIMIZATION_LEVEL = 0;
				GCC_PREPROCESSOR_DEFINITIONS = (
					"DEBUG=1",
					"$(inherited)",
				);
				GCC_WARN_64_TO_32_BIT_CONVERSION = YES;
				GCC_WARN_ABOUT_RETURN_TYPE = YES_ERROR;
				GCC_WARN_UNDECLARED_SELECTOR = YES;
				GCC_WARN_UNINITIALIZED_AUTOS = YES_AGGRESSIVE;
				GCC_WARN_UNUSED_FUNCTION = YES;
				GCC_WARN_UNUSED_VARIABLE = YES;
				IPHONEOS_DEPLOYMENT_TARGET = 11.0;
				MTL_ENABLE_DEBUG_INFO = YES;
				ONLY_ACTIVE_ARCH = YES;
				SDKROOT = iphoneos;
				SWIFT_ACTIVE_COMPILATION_CONDITIONS = DEBUG;
				SWIFT_OPTIMIZATION_LEVEL = "-Onone";
			};
			name = Debug;
		};
		A469299521367949000C23A4 /* Release */ = {
			isa = XCBuildConfiguration;
			buildSettings = {
				ALWAYS_SEARCH_USER_PATHS = NO;
				CLANG_ANALYZER_NONNULL = YES;
				CLANG_ANALYZER_NUMBER_OBJECT_CONVERSION = YES_AGGRESSIVE;
				CLANG_CXX_LANGUAGE_STANDARD = "gnu++14";
				CLANG_CXX_LIBRARY = "libc++";
				CLANG_ENABLE_MODULES = YES;
				CLANG_ENABLE_OBJC_ARC = YES;
				CLANG_WARN_BLOCK_CAPTURE_AUTORELEASING = YES;
				CLANG_WARN_BOOL_CONVERSION = YES;
				CLANG_WARN_COMMA = YES;
				CLANG_WARN_CONSTANT_CONVERSION = YES;
				CLANG_WARN_DIRECT_OBJC_ISA_USAGE = YES_ERROR;
				CLANG_WARN_DOCUMENTATION_COMMENTS = YES;
				CLANG_WARN_EMPTY_BODY = YES;
				CLANG_WARN_ENUM_CONVERSION = YES;
				CLANG_WARN_INFINITE_RECURSION = YES;
				CLANG_WARN_INT_CONVERSION = YES;
				CLANG_WARN_NON_LITERAL_NULL_CONVERSION = YES;
				CLANG_WARN_OBJC_LITERAL_CONVERSION = YES;
				CLANG_WARN_OBJC_ROOT_CLASS = YES_ERROR;
				CLANG_WARN_RANGE_LOOP_ANALYSIS = YES;
				CLANG_WARN_STRICT_PROTOTYPES = YES;
				CLANG_WARN_SUSPICIOUS_MOVE = YES;
				CLANG_WARN_UNGUARDED_AVAILABILITY = YES_AGGRESSIVE;
				CLANG_WARN_UNREACHABLE_CODE = YES;
				CLANG_WARN__DUPLICATE_METHOD_MATCH = YES;
				CODE_SIGN_IDENTITY = "iPhone Developer";
				COPY_PHASE_STRIP = NO;
				DEBUG_INFORMATION_FORMAT = "dwarf-with-dsym";
				ENABLE_NS_ASSERTIONS = NO;
				ENABLE_STRICT_OBJC_MSGSEND = YES;
				GCC_C_LANGUAGE_STANDARD = gnu11;
				GCC_NO_COMMON_BLOCKS = YES;
				GCC_WARN_64_TO_32_BIT_CONVERSION = YES;
				GCC_WARN_ABOUT_RETURN_TYPE = YES_ERROR;
				GCC_WARN_UNDECLARED_SELECTOR = YES;
				GCC_WARN_UNINITIALIZED_AUTOS = YES_AGGRESSIVE;
				GCC_WARN_UNUSED_FUNCTION = YES;
				GCC_WARN_UNUSED_VARIABLE = YES;
				IPHONEOS_DEPLOYMENT_TARGET = 11.0;
				MTL_ENABLE_DEBUG_INFO = NO;
				SDKROOT = iphoneos;
				SWIFT_OPTIMIZATION_LEVEL = "-Owholemodule";
				VALIDATE_PRODUCT = YES;
			};
			name = Release;
		};
		A469299721367949000C23A4 /* Debug */ = {
			isa = XCBuildConfiguration;
			buildSettings = {
				ASSETCATALOG_COMPILER_APPICON_NAME = AppIcon;
				CODE_SIGN_STYLE = Automatic;
				DEVELOPMENT_TEAM = 5LKMWCFWZW;
				INFOPLIST_FILE = Recipup/Info.plist;
				LD_RUNPATH_SEARCH_PATHS = "$(inherited) @executable_path/Frameworks";
				PRODUCT_BUNDLE_IDENTIFIER = com.arvindravi.Recipup;
				PRODUCT_NAME = "$(TARGET_NAME)";
				SWIFT_VERSION = 4.0;
				TARGETED_DEVICE_FAMILY = "1,2";
			};
			name = Debug;
		};
		A469299821367949000C23A4 /* Release */ = {
			isa = XCBuildConfiguration;
			buildSettings = {
				ASSETCATALOG_COMPILER_APPICON_NAME = AppIcon;
				CODE_SIGN_STYLE = Automatic;
				DEVELOPMENT_TEAM = 5LKMWCFWZW;
				INFOPLIST_FILE = Recipup/Info.plist;
				LD_RUNPATH_SEARCH_PATHS = "$(inherited) @executable_path/Frameworks";
				PRODUCT_BUNDLE_IDENTIFIER = com.arvindravi.Recipup;
				PRODUCT_NAME = "$(TARGET_NAME)";
				SWIFT_VERSION = 4.0;
				TARGETED_DEVICE_FAMILY = "1,2";
			};
			name = Release;
		};
/* End XCBuildConfiguration section */

/* Begin XCConfigurationList section */
		A469297F21367949000C23A4 /* Build configuration list for PBXProject "Recipup" */ = {
			isa = XCConfigurationList;
			buildConfigurations = (
				A469299421367949000C23A4 /* Debug */,
				A469299521367949000C23A4 /* Release */,
			);
			defaultConfigurationIsVisible = 0;
			defaultConfigurationName = Release;
		};
		A469299621367949000C23A4 /* Build configuration list for PBXNativeTarget "Recipup" */ = {
			isa = XCConfigurationList;
			buildConfigurations = (
				A469299721367949000C23A4 /* Debug */,
				A469299821367949000C23A4 /* Release */,
			);
			defaultConfigurationIsVisible = 0;
			defaultConfigurationName = Release;
		};
/* End XCConfigurationList section */
	};
	rootObject = A469297C21367949000C23A4 /* Project object */;
}
